
Microsoft Visual Studio Solution File, Format Version 12.00
# Visual Studio 14
VisualStudioVersion = 14.0.25420.1
MinimumVisualStudioVersion = 10.0.40219.1
Project("{2150E333-8FDC-42A3-9474-1A3956D46DE8}") = "0 - Presentation", "0 - Presentation", "{EF8C37CA-7C2F-40FE-85C9-CBBBF6CDC94E}"
EndProject
Project("{2150E333-8FDC-42A3-9474-1A3956D46DE8}") = "1 - Web Service", "1 - Web Service", "{08644E15-2509-421B-A059-47814043B163}"
EndProject
Project("{2150E333-8FDC-42A3-9474-1A3956D46DE8}") = "2 - Application Service", "2 - Application Service", "{96AA7A0A-925B-4815-AB97-92542EA3EF7D}"
EndProject
Project("{2150E333-8FDC-42A3-9474-1A3956D46DE8}") = "3 - Domain", "3 - Domain", "{929D76CF-A177-4FEA-9959-C19E733A8AEC}"
EndProject
Project("{2150E333-8FDC-42A3-9474-1A3956D46DE8}") = "4 - Infra", "4 - Infra", "{189D3801-F3E9-4AB7-8F61-BD2A046C0D24}"
EndProject
Project("{2150E333-8FDC-42A3-9474-1A3956D46DE8}") = "4.1 - Data", "4.1 - Data", "{5280BFA2-4984-4F7A-B680-18B92D5739EA}"
EndProject
Project("{2150E333-8FDC-42A3-9474-1A3956D46DE8}") = "4.2 - CrossCutting", "4.2 - CrossCutting", "{507D8E22-35D9-46B0-8564-B9C26D0F90BC}"
EndProject
Project("{2150E333-8FDC-42A3-9474-1A3956D46DE8}") = "4.3 - Database", "4.3 - Database", "{A1A4FCDB-0014-4B2A-B9D9-BD2742884E24}"
EndProject
Project("{2150E333-8FDC-42A3-9474-1A3956D46DE8}") = "5 - Tests", "5 - Tests", "{61EC6157-C287-4C6A-88BC-C43E931BF559}"
EndProject
Project("{8BB2217D-0F2D-49D1-97BC-3654ED321F3B}") = "AppTemplate.Infra.Data", "AppTemplate.Infra.Data\AppTemplate.Infra.Data.xproj", "{FE289223-32FB-46FE-B456-9004D02E338B}"
EndProject
Project("{8BB2217D-0F2D-49D1-97BC-3654ED321F3B}") = "AppTemplate.Domain", "AppTemplate.Domain\AppTemplate.Domain.xproj", "{3F6C26A0-08C3-4454-A78E-4202D49485D1}"
EndProject
Project("{8BB2217D-0F2D-49D1-97BC-3654ED321F3B}") = "AppTemplate.AppService", "AppTemplate.AppService\AppTemplate.AppService.xproj", "{4B7F5431-3589-4ED0-B0AC-CC8765114D1E}"
EndProject
Project("{8BB2217D-0F2D-49D1-97BC-3654ED321F3B}") = "AppTemplate.Infra.CrossCutting", "AppTemplate.Data.CrossCutting\AppTemplate.Infra.CrossCutting.xproj", "{83A51DC4-D504-41AC-9AD0-EF4AC4B0AB3A}"
EndProject
Project("{8BB2217D-0F2D-49D1-97BC-3654ED321F3B}") = "AppTemplate.UI.MVC", "AppTemplate.UI.MVC\AppTemplate.UI.MVC.xproj", "{9D29CEB3-8C27-462A-A1FB-2D5C488903D8}"
EndProject
Global
	GlobalSection(SolutionConfigurationPlatforms) = preSolution
		Debug|Any CPU = Debug|Any CPU
		Release|Any CPU = Release|Any CPU
	EndGlobalSection
	GlobalSection(ProjectConfigurationPlatforms) = postSolution
		{FE289223-32FB-46FE-B456-9004D02E338B}.Debug|Any CPU.ActiveCfg = Debug|Any CPU
		{FE289223-32FB-46FE-B456-9004D02E338B}.Debug|Any CPU.Build.0 = Debug|Any CPU
		{FE289223-32FB-46FE-B456-9004D02E338B}.Release|Any CPU.ActiveCfg = Release|Any CPU
		{FE289223-32FB-46FE-B456-9004D02E338B}.Release|Any CPU.Build.0 = Release|Any CPU
		{3F6C26A0-08C3-4454-A78E-4202D49485D1}.Debug|Any CPU.ActiveCfg = Debug|Any CPU
		{3F6C26A0-08C3-4454-A78E-4202D49485D1}.Debug|Any CPU.Build.0 = Debug|Any CPU
		{3F6C26A0-08C3-4454-A78E-4202D49485D1}.Release|Any CPU.ActiveCfg = Release|Any CPU
		{3F6C26A0-08C3-4454-A78E-4202D49485D1}.Release|Any CPU.Build.0 = Release|Any CPU
		{4B7F5431-3589-4ED0-B0AC-CC8765114D1E}.Debug|Any CPU.ActiveCfg = Debug|Any CPU
		{4B7F5431-3589-4ED0-B0AC-CC8765114D1E}.Debug|Any CPU.Build.0 = Debug|Any CPU
		{4B7F5431-3589-4ED0-B0AC-CC8765114D1E}.Release|Any CPU.ActiveCfg = Release|Any CPU
		{4B7F5431-3589-4ED0-B0AC-CC8765114D1E}.Release|Any CPU.Build.0 = Release|Any CPU
		{83A51DC4-D504-41AC-9AD0-EF4AC4B0AB3A}.Debug|Any CPU.ActiveCfg = Debug|Any CPU
		{83A51DC4-D504-41AC-9AD0-EF4AC4B0AB3A}.Debug|Any CPU.Build.0 = Debug|Any CPU
		{83A51DC4-D504-41AC-9AD0-EF4AC4B0AB3A}.Release|Any CPU.ActiveCfg = Release|Any CPU
		{83A51DC4-D504-41AC-9AD0-EF4AC4B0AB3A}.Release|Any CPU.Build.0 = Release|Any CPU
		{9D29CEB3-8C27-462A-A1FB-2D5C488903D8}.Debug|Any CPU.ActiveCfg = Debug|Any CPU
		{9D29CEB3-8C27-462A-A1FB-2D5C488903D8}.Debug|Any CPU.Build.0 = Debug|Any CPU
		{9D29CEB3-8C27-462A-A1FB-2D5C488903D8}.Release|Any CPU.ActiveCfg = Release|Any CPU
		{9D29CEB3-8C27-462A-A1FB-2D5C488903D8}.Release|Any CPU.Build.0 = Release|Any CPU
	EndGlobalSection
	GlobalSection(SolutionProperties) = preSolution
		HideSolutionNode = FALSE
	EndGlobalSection
	GlobalSection(NestedProjects) = preSolution
		{5280BFA2-4984-4F7A-B680-18B92D5739EA} = {189D3801-F3E9-4AB7-8F61-BD2A046C0D24}
		{507D8E22-35D9-46B0-8564-B9C26D0F90BC} = {189D3801-F3E9-4AB7-8F61-BD2A046C0D24}
		{A1A4FCDB-0014-4B2A-B9D9-BD2742884E24} = {189D3801-F3E9-4AB7-8F61-BD2A046C0D24}
		{FE289223-32FB-46FE-B456-9004D02E338B} = {5280BFA2-4984-4F7A-B680-18B92D5739EA}
		{3F6C26A0-08C3-4454-A78E-4202D49485D1} = {929D76CF-A177-4FEA-9959-C19E733A8AEC}
		{4B7F5431-3589-4ED0-B0AC-CC8765114D1E} = {96AA7A0A-925B-4815-AB97-92542EA3EF7D}
		{83A51DC4-D504-41AC-9AD0-EF4AC4B0AB3A} = {507D8E22-35D9-46B0-8564-B9C26D0F90BC}
		{9D29CEB3-8C27-462A-A1FB-2D5C488903D8} = {EF8C37CA-7C2F-40FE-85C9-CBBBF6CDC94E}
	EndGlobalSection
EndGlobal
